<?xml version="1.0" encoding="utf-8"?>
<Project ToolsVersion="4.0" xmlns="http://schemas.microsoft.com/developer/msbuild/2003">
  <ItemGroup>
    <Filter Include="Runtime">
      <UniqueIdentifier>{4995DAC4-B574-5960-BE8C-E4362AEBBFC1}</UniqueIdentifier>
    </Filter>
    <Filter Include="Runtime\Core">
      <UniqueIdentifier>{416F811B-2DD2-10C0-D657-4976C299DC42}</UniqueIdentifier>
    </Filter>
    <Filter Include="Runtime\Launch">
      <UniqueIdentifier>{B3329D15-9F00-911B-8894-014274016D80}</UniqueIdentifier>
    </Filter>
    <Filter Include="Runtime\Renderer">
      <UniqueIdentifier>{0FDB209E-FBD3-3FF0-2406-2575105E1FFC}</UniqueIdentifier>
    </Filter>
    <Filter Include="Runtime\Window">
      <UniqueIdentifier>{10B6D22F-FC83-C635-E517-375CD184A29A}</UniqueIdentifier>
    </Filter>
    <Filter Include="ThirdParty">
      <UniqueIdentifier>{107145F9-FC28-8746-6530-60A251072237}</UniqueIdentifier>
    </Filter>
    <Filter Include="ThirdParty\Glad">
      <UniqueIdentifier>{F7E1214C-636D-8F10-6C7E-1205D888EB10}</UniqueIdentifier>
    </Filter>
  </ItemGroup>
  <ItemGroup>
    <ClInclude Include="Source\DurnaPCH.h" />
    <ClInclude Include="Source\Runtime\Core\Application.h">
      <Filter>Runtime\Core</Filter>
    </ClInclude>
    <ClInclude Include="Source\Runtime\Launch\LaunchEngineLoop.h">
      <Filter>Runtime\Launch</Filter>
    </ClInclude>
    <ClInclude Include="Source\Runtime\Renderer\Renderer.h">
      <Filter>Runtime\Renderer</Filter>
    </ClInclude>
    <ClInclude Include="Source\Runtime\Window\Window.h">
      <Filter>Runtime\Window</Filter>
    </ClInclude>
    <ClInclude Include="Source\Runtime\Renderer\Buffer.h" />
  </ItemGroup>
  <ItemGroup>
    <ClCompile Include="Source\DurnaEngine.cpp" />
    <ClCompile Include="Source\DurnaPCH.cpp" />
    <ClCompile Include="Source\Runtime\Core\Application.cpp">
      <Filter>Runtime\Core</Filter>
    </ClCompile>
    <ClCompile Include="Source\Runtime\Launch\LaunchEngineLoop.cpp">
      <Filter>Runtime\Launch</Filter>
    </ClCompile>
    <ClCompile Include="Source\Runtime\Renderer\Renderer.cpp">
      <Filter>Runtime\Renderer</Filter>
    </ClCompile>
    <ClCompile Include="Source\Runtime\Window\Window.cpp">
      <Filter>Runtime\Window</Filter>
    </ClCompile>
    <ClCompile Include="Source\ThirdParty\Glad\glad.c">
      <Filter>ThirdParty\Glad</Filter>
    </ClCompile>
    <ClCompile Include="Source\Runtime\Renderer\Buffer.cpp" />
  </ItemGroup>
</Project>